// !$*UTF8*$!
{
	archiveVersion = 1;
	classes = {
	};
	objectVersion = 56;
	objects = {

/* Begin PBXBuildFile section */
		ABA5C0D928E9F23100F69283 /* WasherProgrammControl.swift in Sources */ = {isa = PBXBuildFile; fileRef = ABA5C0D828E9F23100F69283 /* WasherProgrammControl.swift */; };
		ABB687A828E74AFD00C7F2F6 /* DeviceTester.swift in Sources */ = {isa = PBXBuildFile; fileRef = ABB687A728E74AFD00C7F2F6 /* DeviceTester.swift */; };
		C91E0E2428F0233900F18481 /* testStream.mp4 in Resources */ = {isa = PBXBuildFile; fileRef = C9CDE53F28EB143700A424A4 /* testStream.mp4 */; };
		C91E0E2628F036D600F18481 /* LunaTipDetail.swift in Sources */ = {isa = PBXBuildFile; fileRef = C91E0E2528F036D600F18481 /* LunaTipDetail.swift */; };
		C91E0E2828F4102100F18481 /* Washer Tile.swift in Sources */ = {isa = PBXBuildFile; fileRef = C91E0E2728F4102100F18481 /* Washer Tile.swift */; };
		C963ADF928D06FF0000647D1 /* DoorbellTile.swift in Sources */ = {isa = PBXBuildFile; fileRef = C963ADF828D06FF0000647D1 /* DoorbellTile.swift */; };
		C963ADFC28D2F9C3000647D1 /* RoomView.swift in Sources */ = {isa = PBXBuildFile; fileRef = C963ADFB28D2F9C3000647D1 /* RoomView.swift */; };
		C963ADFE28D2FA17000647D1 /* RoomHelpers.swift in Sources */ = {isa = PBXBuildFile; fileRef = C963ADFD28D2FA17000647D1 /* RoomHelpers.swift */; };
		C963AE0028D30044000647D1 /* LightHelpers.swift in Sources */ = {isa = PBXBuildFile; fileRef = C963ADFF28D30044000647D1 /* LightHelpers.swift */; };
		C9761F8A28BA251200BF9C31 /* LunaHomeApp.swift in Sources */ = {isa = PBXBuildFile; fileRef = C9761F8928BA251200BF9C31 /* LunaHomeApp.swift */; };
		C9761F8E28BA251300BF9C31 /* Assets.xcassets in Resources */ = {isa = PBXBuildFile; fileRef = C9761F8D28BA251300BF9C31 /* Assets.xcassets */; };
		C9761F9128BA251300BF9C31 /* Preview Assets.xcassets in Resources */ = {isa = PBXBuildFile; fileRef = C9761F9028BA251300BF9C31 /* Preview Assets.xcassets */; };
		C9761F9B28BA251300BF9C31 /* LunaHomeTests.swift in Sources */ = {isa = PBXBuildFile; fileRef = C9761F9A28BA251300BF9C31 /* LunaHomeTests.swift */; };
		C9761FA528BA251300BF9C31 /* LunaHomeUITests.swift in Sources */ = {isa = PBXBuildFile; fileRef = C9761FA428BA251300BF9C31 /* LunaHomeUITests.swift */; };
		C9761FA728BA251300BF9C31 /* LunaHomeUITestsLaunchTests.swift in Sources */ = {isa = PBXBuildFile; fileRef = C9761FA628BA251300BF9C31 /* LunaHomeUITestsLaunchTests.swift */; };
		C9761FB528BA2D9800BF9C31 /* DevicePreviewer.swift in Sources */ = {isa = PBXBuildFile; fileRef = C9761FB428BA2D9800BF9C31 /* DevicePreviewer.swift */; };
		C9761FD728BA2DB400BF9C31 /* Root.swift in Sources */ = {isa = PBXBuildFile; fileRef = C9761FB728BA2DB400BF9C31 /* Root.swift */; };
		C9761FD828BA2DB400BF9C31 /* SmallTemplate.swift in Sources */ = {isa = PBXBuildFile; fileRef = C9761FB928BA2DB400BF9C31 /* SmallTemplate.swift */; };
		C9761FD928BA2DB400BF9C31 /* TemplateHelpers.swift in Sources */ = {isa = PBXBuildFile; fileRef = C9761FBA28BA2DB400BF9C31 /* TemplateHelpers.swift */; };
		C9761FDA28BA2DB400BF9C31 /* LargeTemplate.swift in Sources */ = {isa = PBXBuildFile; fileRef = C9761FBB28BA2DB400BF9C31 /* LargeTemplate.swift */; };
		C9761FDB28BA2DB400BF9C31 /* MediumTemplate.swift in Sources */ = {isa = PBXBuildFile; fileRef = C9761FBC28BA2DB400BF9C31 /* MediumTemplate.swift */; };
		C9761FDC28BA2DB400BF9C31 /* DoorLockControl.swift in Sources */ = {isa = PBXBuildFile; fileRef = C9761FBE28BA2DB400BF9C31 /* DoorLockControl.swift */; };
		C9761FDD28BA2DB400BF9C31 /* BlindControl.swift in Sources */ = {isa = PBXBuildFile; fileRef = C9761FBF28BA2DB400BF9C31 /* BlindControl.swift */; };
		C9761FDE28BA2DB400BF9C31 /* WasherControl.swift in Sources */ = {isa = PBXBuildFile; fileRef = C9761FC028BA2DB400BF9C31 /* WasherControl.swift */; };
		C9761FE028BA2DB400BF9C31 /* MicrowaveControl.swift in Sources */ = {isa = PBXBuildFile; fileRef = C9761FC228BA2DB400BF9C31 /* MicrowaveControl.swift */; };
		C9761FE128BA2DB400BF9C31 /* RobotControl.swift in Sources */ = {isa = PBXBuildFile; fileRef = C9761FC328BA2DB400BF9C31 /* RobotControl.swift */; };
		C9761FE228BA2DB400BF9C31 /* DryerControl.swift in Sources */ = {isa = PBXBuildFile; fileRef = C9761FC428BA2DB400BF9C31 /* DryerControl.swift */; };
		C9761FE328BA2DB400BF9C31 /* SensorControl.swift in Sources */ = {isa = PBXBuildFile; fileRef = C9761FC528BA2DB400BF9C31 /* SensorControl.swift */; };
		C9761FE428BA2DB400BF9C31 /* WeatherStationControl.swift in Sources */ = {isa = PBXBuildFile; fileRef = C9761FC628BA2DB400BF9C31 /* WeatherStationControl.swift */; };
		C9761FE528BA2DB400BF9C31 /* DishwasherControl.swift in Sources */ = {isa = PBXBuildFile; fileRef = C9761FC728BA2DB400BF9C31 /* DishwasherControl.swift */; };
		C9761FE628BA2DB400BF9C31 /* DoorbellControl.swift in Sources */ = {isa = PBXBuildFile; fileRef = C9761FC828BA2DB400BF9C31 /* DoorbellControl.swift */; };
		C9761FE728BA2DB400BF9C31 /* MediaDeviceControl.swift in Sources */ = {isa = PBXBuildFile; fileRef = C9761FC928BA2DB400BF9C31 /* MediaDeviceControl.swift */; };
		C9761FE828BA2DB400BF9C31 /* OvenControl.swift in Sources */ = {isa = PBXBuildFile; fileRef = C9761FCA28BA2DB400BF9C31 /* OvenControl.swift */; };
		C9761FE928BA2DB400BF9C31 /* CameraControl.swift in Sources */ = {isa = PBXBuildFile; fileRef = C9761FCB28BA2DB400BF9C31 /* CameraControl.swift */; };
		C9761FEA28BA2DB400BF9C31 /* LightControl.swift in Sources */ = {isa = PBXBuildFile; fileRef = C9761FCC28BA2DB400BF9C31 /* LightControl.swift */; };
		C9761FEB28BA2DB400BF9C31 /* ThermostatControl.swift in Sources */ = {isa = PBXBuildFile; fileRef = C9761FCD28BA2DB400BF9C31 /* ThermostatControl.swift */; };
		C9761FEC28BA2DB400BF9C31 /* OverviewMain.swift in Sources */ = {isa = PBXBuildFile; fileRef = C9761FCF28BA2DB400BF9C31 /* OverviewMain.swift */; };
		C9761FED28BA2DB400BF9C31 /* LightShadeTile.swift in Sources */ = {isa = PBXBuildFile; fileRef = C9761FD028BA2DB400BF9C31 /* LightShadeTile.swift */; };
		C9761FEE28BA2DB400BF9C31 /* NukiTile.swift in Sources */ = {isa = PBXBuildFile; fileRef = C9761FD128BA2DB400BF9C31 /* NukiTile.swift */; };
		C9761FEF28BA2DB400BF9C31 /* WeatherTile.swift in Sources */ = {isa = PBXBuildFile; fileRef = C9761FD228BA2DB400BF9C31 /* WeatherTile.swift */; };
		C9761FF128BA2DB400BF9C31 /* Home.swift in Sources */ = {isa = PBXBuildFile; fileRef = C9761FD528BA2DB400BF9C31 /* Home.swift */; };
		C9761FF228BA2DB400BF9C31 /* DeviceTemplates.swift in Sources */ = {isa = PBXBuildFile; fileRef = C9761FD628BA2DB400BF9C31 /* DeviceTemplates.swift */; };
		C9761FF428BA2E4B00BF9C31 /* Fetcher.swift in Sources */ = {isa = PBXBuildFile; fileRef = C9761FF328BA2E4B00BF9C31 /* Fetcher.swift */; };
		C9761FFA28BA32EB00BF9C31 /* LunaHelpers.swift in Sources */ = {isa = PBXBuildFile; fileRef = C9761FF928BA32EB00BF9C31 /* LunaHelpers.swift */; };
		C9761FFC28BA345100BF9C31 /* LunaMain.swift in Sources */ = {isa = PBXBuildFile; fileRef = C9761FFB28BA345100BF9C31 /* LunaMain.swift */; };
		C9761FFE28BA5AC800BF9C31 /* LunaTips.swift in Sources */ = {isa = PBXBuildFile; fileRef = C9761FFD28BA5AC800BF9C31 /* LunaTips.swift */; };
		C976200028BA5ADF00BF9C31 /* LunaPredictions.swift in Sources */ = {isa = PBXBuildFile; fileRef = C9761FFF28BA5ADF00BF9C31 /* LunaPredictions.swift */; };
		C976200228BA6F5800BF9C31 /* Home.json in Resources */ = {isa = PBXBuildFile; fileRef = C976200128BA6F5800BF9C31 /* Home.json */; };
		C976202628CA2DF700BF9C31 /* LunaPrivacy.swift in Sources */ = {isa = PBXBuildFile; fileRef = C976202528CA2DF700BF9C31 /* LunaPrivacy.swift */; };
		C9AC929E28CB5AB0003588CF /* Rain.sks in Resources */ = {isa = PBXBuildFile; fileRef = C9AC929B28CB5AB0003588CF /* Rain.sks */; };
		C9AC929F28CB5AB0003588CF /* Snow.sks in Resources */ = {isa = PBXBuildFile; fileRef = C9AC929C28CB5AB0003588CF /* Snow.sks */; };
		C9AC92A028CB5AB0003588CF /* Assets.xcassets in Resources */ = {isa = PBXBuildFile; fileRef = C9AC929D28CB5AB0003588CF /* Assets.xcassets */; };
		C9AC92A228CB5CD5003588CF /* RainEffect.swift in Sources */ = {isa = PBXBuildFile; fileRef = C9AC92A128CB5CD5003588CF /* RainEffect.swift */; };
		C9CDE53A28E7242000A424A4 /* LunaTile.swift in Sources */ = {isa = PBXBuildFile; fileRef = C9CDE53928E7242000A424A4 /* LunaTile.swift */; };
		C9CDE53C28E738F000A424A4 /* OvenTile.swift in Sources */ = {isa = PBXBuildFile; fileRef = C9CDE53B28E738F000A424A4 /* OvenTile.swift */; };
		C9CDE53E28E9ED8D00A424A4 /* FoodplanerTile.swift in Sources */ = {isa = PBXBuildFile; fileRef = C9CDE53D28E9ED8D00A424A4 /* FoodplanerTile.swift */; };
/* End PBXBuildFile section */

/* Begin PBXContainerItemProxy section */
		C9761F9728BA251300BF9C31 /* PBXContainerItemProxy */ = {
			isa = PBXContainerItemProxy;
			containerPortal = C9761F7E28BA251200BF9C31 /* Project object */;
			proxyType = 1;
			remoteGlobalIDString = C9761F8528BA251200BF9C31;
			remoteInfo = LunaHome;
		};
		C9761FA128BA251300BF9C31 /* PBXContainerItemProxy */ = {
			isa = PBXContainerItemProxy;
			containerPortal = C9761F7E28BA251200BF9C31 /* Project object */;
			proxyType = 1;
			remoteGlobalIDString = C9761F8528BA251200BF9C31;
			remoteInfo = LunaHome;
		};
/* End PBXContainerItemProxy section */

/* Begin PBXFileReference section */
		ABA5C0D828E9F23100F69283 /* WasherProgrammControl.swift */ = {isa = PBXFileReference; lastKnownFileType = sourcecode.swift; path = WasherProgrammControl.swift; sourceTree = "<group>"; };
		ABB687A728E74AFD00C7F2F6 /* DeviceTester.swift */ = {isa = PBXFileReference; lastKnownFileType = sourcecode.swift; path = DeviceTester.swift; sourceTree = "<group>"; };
		C91E0E2528F036D600F18481 /* LunaTipDetail.swift */ = {isa = PBXFileReference; lastKnownFileType = sourcecode.swift; path = LunaTipDetail.swift; sourceTree = "<group>"; };
		C91E0E2728F4102100F18481 /* Washer Tile.swift */ = {isa = PBXFileReference; lastKnownFileType = sourcecode.swift; path = "Washer Tile.swift"; sourceTree = "<group>"; };
		C963ADF828D06FF0000647D1 /* DoorbellTile.swift */ = {isa = PBXFileReference; lastKnownFileType = sourcecode.swift; path = DoorbellTile.swift; sourceTree = "<group>"; };
		C963ADFB28D2F9C3000647D1 /* RoomView.swift */ = {isa = PBXFileReference; lastKnownFileType = sourcecode.swift; path = RoomView.swift; sourceTree = "<group>"; };
		C963ADFD28D2FA17000647D1 /* RoomHelpers.swift */ = {isa = PBXFileReference; lastKnownFileType = sourcecode.swift; path = RoomHelpers.swift; sourceTree = "<group>"; };
		C963ADFF28D30044000647D1 /* LightHelpers.swift */ = {isa = PBXFileReference; lastKnownFileType = sourcecode.swift; path = LightHelpers.swift; sourceTree = "<group>"; };
		C9761F8628BA251200BF9C31 /* LunaHome.app */ = {isa = PBXFileReference; explicitFileType = wrapper.application; includeInIndex = 0; path = LunaHome.app; sourceTree = BUILT_PRODUCTS_DIR; };
		C9761F8928BA251200BF9C31 /* LunaHomeApp.swift */ = {isa = PBXFileReference; lastKnownFileType = sourcecode.swift; path = LunaHomeApp.swift; sourceTree = "<group>"; };
		C9761F8D28BA251300BF9C31 /* Assets.xcassets */ = {isa = PBXFileReference; lastKnownFileType = folder.assetcatalog; path = Assets.xcassets; sourceTree = "<group>"; };
		C9761F9028BA251300BF9C31 /* Preview Assets.xcassets */ = {isa = PBXFileReference; lastKnownFileType = folder.assetcatalog; path = "Preview Assets.xcassets"; sourceTree = "<group>"; };
		C9761F9628BA251300BF9C31 /* LunaHomeTests.xctest */ = {isa = PBXFileReference; explicitFileType = wrapper.cfbundle; includeInIndex = 0; path = LunaHomeTests.xctest; sourceTree = BUILT_PRODUCTS_DIR; };
		C9761F9A28BA251300BF9C31 /* LunaHomeTests.swift */ = {isa = PBXFileReference; lastKnownFileType = sourcecode.swift; path = LunaHomeTests.swift; sourceTree = "<group>"; };
		C9761FA028BA251300BF9C31 /* LunaHomeUITests.xctest */ = {isa = PBXFileReference; explicitFileType = wrapper.cfbundle; includeInIndex = 0; path = LunaHomeUITests.xctest; sourceTree = BUILT_PRODUCTS_DIR; };
		C9761FA428BA251300BF9C31 /* LunaHomeUITests.swift */ = {isa = PBXFileReference; lastKnownFileType = sourcecode.swift; path = LunaHomeUITests.swift; sourceTree = "<group>"; };
		C9761FA628BA251300BF9C31 /* LunaHomeUITestsLaunchTests.swift */ = {isa = PBXFileReference; lastKnownFileType = sourcecode.swift; path = LunaHomeUITestsLaunchTests.swift; sourceTree = "<group>"; };
		C9761FB428BA2D9800BF9C31 /* DevicePreviewer.swift */ = {isa = PBXFileReference; fileEncoding = 4; lastKnownFileType = sourcecode.swift; path = DevicePreviewer.swift; sourceTree = "<group>"; };
		C9761FB728BA2DB400BF9C31 /* Root.swift */ = {isa = PBXFileReference; fileEncoding = 4; lastKnownFileType = sourcecode.swift; path = Root.swift; sourceTree = "<group>"; };
		C9761FB928BA2DB400BF9C31 /* SmallTemplate.swift */ = {isa = PBXFileReference; fileEncoding = 4; lastKnownFileType = sourcecode.swift; path = SmallTemplate.swift; sourceTree = "<group>"; };
		C9761FBA28BA2DB400BF9C31 /* TemplateHelpers.swift */ = {isa = PBXFileReference; fileEncoding = 4; lastKnownFileType = sourcecode.swift; path = TemplateHelpers.swift; sourceTree = "<group>"; };
		C9761FBB28BA2DB400BF9C31 /* LargeTemplate.swift */ = {isa = PBXFileReference; fileEncoding = 4; lastKnownFileType = sourcecode.swift; path = LargeTemplate.swift; sourceTree = "<group>"; };
		C9761FBC28BA2DB400BF9C31 /* MediumTemplate.swift */ = {isa = PBXFileReference; fileEncoding = 4; lastKnownFileType = sourcecode.swift; path = MediumTemplate.swift; sourceTree = "<group>"; };
		C9761FBE28BA2DB400BF9C31 /* DoorLockControl.swift */ = {isa = PBXFileReference; fileEncoding = 4; lastKnownFileType = sourcecode.swift; path = DoorLockControl.swift; sourceTree = "<group>"; };
		C9761FBF28BA2DB400BF9C31 /* BlindControl.swift */ = {isa = PBXFileReference; fileEncoding = 4; lastKnownFileType = sourcecode.swift; path = BlindControl.swift; sourceTree = "<group>"; };
		C9761FC028BA2DB400BF9C31 /* WasherControl.swift */ = {isa = PBXFileReference; fileEncoding = 4; lastKnownFileType = sourcecode.swift; path = WasherControl.swift; sourceTree = "<group>"; };
		C9761FC228BA2DB400BF9C31 /* MicrowaveControl.swift */ = {isa = PBXFileReference; fileEncoding = 4; lastKnownFileType = sourcecode.swift; path = MicrowaveControl.swift; sourceTree = "<group>"; };
		C9761FC328BA2DB400BF9C31 /* RobotControl.swift */ = {isa = PBXFileReference; fileEncoding = 4; lastKnownFileType = sourcecode.swift; path = RobotControl.swift; sourceTree = "<group>"; };
		C9761FC428BA2DB400BF9C31 /* DryerControl.swift */ = {isa = PBXFileReference; fileEncoding = 4; lastKnownFileType = sourcecode.swift; path = DryerControl.swift; sourceTree = "<group>"; };
		C9761FC528BA2DB400BF9C31 /* SensorControl.swift */ = {isa = PBXFileReference; fileEncoding = 4; lastKnownFileType = sourcecode.swift; path = SensorControl.swift; sourceTree = "<group>"; };
		C9761FC628BA2DB400BF9C31 /* WeatherStationControl.swift */ = {isa = PBXFileReference; fileEncoding = 4; lastKnownFileType = sourcecode.swift; path = WeatherStationControl.swift; sourceTree = "<group>"; };
		C9761FC728BA2DB400BF9C31 /* DishwasherControl.swift */ = {isa = PBXFileReference; fileEncoding = 4; lastKnownFileType = sourcecode.swift; path = DishwasherControl.swift; sourceTree = "<group>"; };
		C9761FC828BA2DB400BF9C31 /* DoorbellControl.swift */ = {isa = PBXFileReference; fileEncoding = 4; lastKnownFileType = sourcecode.swift; path = DoorbellControl.swift; sourceTree = "<group>"; };
		C9761FC928BA2DB400BF9C31 /* MediaDeviceControl.swift */ = {isa = PBXFileReference; fileEncoding = 4; lastKnownFileType = sourcecode.swift; path = MediaDeviceControl.swift; sourceTree = "<group>"; };
		C9761FCA28BA2DB400BF9C31 /* OvenControl.swift */ = {isa = PBXFileReference; fileEncoding = 4; lastKnownFileType = sourcecode.swift; path = OvenControl.swift; sourceTree = "<group>"; };
		C9761FCB28BA2DB400BF9C31 /* CameraControl.swift */ = {isa = PBXFileReference; fileEncoding = 4; lastKnownFileType = sourcecode.swift; path = CameraControl.swift; sourceTree = "<group>"; };
		C9761FCC28BA2DB400BF9C31 /* LightControl.swift */ = {isa = PBXFileReference; fileEncoding = 4; lastKnownFileType = sourcecode.swift; path = LightControl.swift; sourceTree = "<group>"; };
		C9761FCD28BA2DB400BF9C31 /* ThermostatControl.swift */ = {isa = PBXFileReference; fileEncoding = 4; lastKnownFileType = sourcecode.swift; path = ThermostatControl.swift; sourceTree = "<group>"; };
		C9761FCF28BA2DB400BF9C31 /* OverviewMain.swift */ = {isa = PBXFileReference; fileEncoding = 4; lastKnownFileType = sourcecode.swift; path = OverviewMain.swift; sourceTree = "<group>"; };
		C9761FD028BA2DB400BF9C31 /* LightShadeTile.swift */ = {isa = PBXFileReference; fileEncoding = 4; lastKnownFileType = sourcecode.swift; path = LightShadeTile.swift; sourceTree = "<group>"; };
		C9761FD128BA2DB400BF9C31 /* NukiTile.swift */ = {isa = PBXFileReference; fileEncoding = 4; lastKnownFileType = sourcecode.swift; path = NukiTile.swift; sourceTree = "<group>"; };
		C9761FD228BA2DB400BF9C31 /* WeatherTile.swift */ = {isa = PBXFileReference; fileEncoding = 4; lastKnownFileType = sourcecode.swift; path = WeatherTile.swift; sourceTree = "<group>"; };
		C9761FD528BA2DB400BF9C31 /* Home.swift */ = {isa = PBXFileReference; fileEncoding = 4; lastKnownFileType = sourcecode.swift; path = Home.swift; sourceTree = "<group>"; };
		C9761FD628BA2DB400BF9C31 /* DeviceTemplates.swift */ = {isa = PBXFileReference; fileEncoding = 4; lastKnownFileType = sourcecode.swift; path = DeviceTemplates.swift; sourceTree = "<group>"; };
		C9761FF328BA2E4B00BF9C31 /* Fetcher.swift */ = {isa = PBXFileReference; fileEncoding = 4; lastKnownFileType = sourcecode.swift; path = Fetcher.swift; sourceTree = "<group>"; };
		C9761FF728BA326E00BF9C31 /* Info.plist */ = {isa = PBXFileReference; lastKnownFileType = text.plist; path = Info.plist; sourceTree = "<group>"; };
		C9761FF928BA32EB00BF9C31 /* LunaHelpers.swift */ = {isa = PBXFileReference; lastKnownFileType = sourcecode.swift; path = LunaHelpers.swift; sourceTree = "<group>"; };
		C9761FFB28BA345100BF9C31 /* LunaMain.swift */ = {isa = PBXFileReference; lastKnownFileType = sourcecode.swift; path = LunaMain.swift; sourceTree = "<group>"; };
		C9761FFD28BA5AC800BF9C31 /* LunaTips.swift */ = {isa = PBXFileReference; lastKnownFileType = sourcecode.swift; path = LunaTips.swift; sourceTree = "<group>"; };
		C9761FFF28BA5ADF00BF9C31 /* LunaPredictions.swift */ = {isa = PBXFileReference; lastKnownFileType = sourcecode.swift; path = LunaPredictions.swift; sourceTree = "<group>"; };
		C976200128BA6F5800BF9C31 /* Home.json */ = {isa = PBXFileReference; fileEncoding = 4; lastKnownFileType = text.json; path = Home.json; sourceTree = "<group>"; };
		C976202528CA2DF700BF9C31 /* LunaPrivacy.swift */ = {isa = PBXFileReference; lastKnownFileType = sourcecode.swift; path = LunaPrivacy.swift; sourceTree = "<group>"; };
		C9AC929B28CB5AB0003588CF /* Rain.sks */ = {isa = PBXFileReference; lastKnownFileType = file.sks; path = Rain.sks; sourceTree = "<group>"; };
		C9AC929C28CB5AB0003588CF /* Snow.sks */ = {isa = PBXFileReference; lastKnownFileType = file.sks; path = Snow.sks; sourceTree = "<group>"; };
		C9AC929D28CB5AB0003588CF /* Assets.xcassets */ = {isa = PBXFileReference; lastKnownFileType = folder.assetcatalog; path = Assets.xcassets; sourceTree = "<group>"; };
		C9AC92A128CB5CD5003588CF /* RainEffect.swift */ = {isa = PBXFileReference; lastKnownFileType = sourcecode.swift; path = RainEffect.swift; sourceTree = "<group>"; };
		C9CDE53828E6009700A424A4 /* LunaHome.entitlements */ = {isa = PBXFileReference; lastKnownFileType = text.plist.entitlements; path = LunaHome.entitlements; sourceTree = "<group>"; };
		C9CDE53928E7242000A424A4 /* LunaTile.swift */ = {isa = PBXFileReference; lastKnownFileType = sourcecode.swift; path = LunaTile.swift; sourceTree = "<group>"; };
		C9CDE53B28E738F000A424A4 /* OvenTile.swift */ = {isa = PBXFileReference; lastKnownFileType = sourcecode.swift; path = OvenTile.swift; sourceTree = "<group>"; };
		C9CDE53D28E9ED8D00A424A4 /* FoodplanerTile.swift */ = {isa = PBXFileReference; lastKnownFileType = sourcecode.swift; path = FoodplanerTile.swift; sourceTree = "<group>"; };
		C9CDE53F28EB143700A424A4 /* testStream.mp4 */ = {isa = PBXFileReference; lastKnownFileType = file; name = testStream.mp4; path = LunaHome/Resources/testStream.mp4; sourceTree = SOURCE_ROOT; };
/* End PBXFileReference section */

/* Begin PBXFrameworksBuildPhase section */
		C9761F8328BA251200BF9C31 /* Frameworks */ = {
			isa = PBXFrameworksBuildPhase;
			buildActionMask = 2147483647;
			files = (
			);
			runOnlyForDeploymentPostprocessing = 0;
		};
		C9761F9328BA251300BF9C31 /* Frameworks */ = {
			isa = PBXFrameworksBuildPhase;
			buildActionMask = 2147483647;
			files = (
			);
			runOnlyForDeploymentPostprocessing = 0;
		};
		C9761F9D28BA251300BF9C31 /* Frameworks */ = {
			isa = PBXFrameworksBuildPhase;
			buildActionMask = 2147483647;
			files = (
			);
			runOnlyForDeploymentPostprocessing = 0;
		};
/* End PBXFrameworksBuildPhase section */

/* Begin PBXGroup section */
		C963ADFA28D2F80A000647D1 /* Rooms */ = {
			isa = PBXGroup;
			children = (
				C963ADFB28D2F9C3000647D1 /* RoomView.swift */,
				C963ADFD28D2FA17000647D1 /* RoomHelpers.swift */,
			);
			path = Rooms;
			sourceTree = "<group>";
		};
		C9761F7D28BA251200BF9C31 = {
			isa = PBXGroup;
			children = (
				C9761F8828BA251200BF9C31 /* LunaHome */,
				C9761F9928BA251300BF9C31 /* LunaHomeTests */,
				C9761FA328BA251300BF9C31 /* LunaHomeUITests */,
				C9761F8728BA251200BF9C31 /* Products */,
			);
			sourceTree = "<group>";
		};
		C9761F8728BA251200BF9C31 /* Products */ = {
			isa = PBXGroup;
			children = (
				C9761F8628BA251200BF9C31 /* LunaHome.app */,
				C9761F9628BA251300BF9C31 /* LunaHomeTests.xctest */,
				C9761FA028BA251300BF9C31 /* LunaHomeUITests.xctest */,
			);
			name = Products;
			sourceTree = "<group>";
		};
		C9761F8828BA251200BF9C31 /* LunaHome */ = {
			isa = PBXGroup;
			children = (
				C9CDE53828E6009700A424A4 /* LunaHome.entitlements */,
				C9AC929A28CB5A6E003588CF /* Animations */,
				C9761FF728BA326E00BF9C31 /* Info.plist */,
				C9761F8D28BA251300BF9C31 /* Assets.xcassets */,
				C9761F8928BA251200BF9C31 /* LunaHomeApp.swift */,
				C9761FF328BA2E4B00BF9C31 /* Fetcher.swift */,
				C9761FB328BA2D9800BF9C31 /* Development */,
				C9761FB628BA2DB400BF9C31 /* Views */,
				C9761FD428BA2DB400BF9C31 /* Resources */,
				C9761F8F28BA251300BF9C31 /* Preview Content */,
			);
			path = LunaHome;
			sourceTree = "<group>";
		};
		C9761F8F28BA251300BF9C31 /* Preview Content */ = {
			isa = PBXGroup;
			children = (
				C9761F9028BA251300BF9C31 /* Preview Assets.xcassets */,
			);
			path = "Preview Content";
			sourceTree = "<group>";
		};
		C9761F9928BA251300BF9C31 /* LunaHomeTests */ = {
			isa = PBXGroup;
			children = (
				C9761F9A28BA251300BF9C31 /* LunaHomeTests.swift */,
			);
			path = LunaHomeTests;
			sourceTree = "<group>";
		};
		C9761FA328BA251300BF9C31 /* LunaHomeUITests */ = {
			isa = PBXGroup;
			children = (
				C9761FA428BA251300BF9C31 /* LunaHomeUITests.swift */,
				C9761FA628BA251300BF9C31 /* LunaHomeUITestsLaunchTests.swift */,
			);
			path = LunaHomeUITests;
			sourceTree = "<group>";
		};
		C9761FB328BA2D9800BF9C31 /* Development */ = {
			isa = PBXGroup;
			children = (
				C9761FB428BA2D9800BF9C31 /* DevicePreviewer.swift */,
			);
			path = Development;
			sourceTree = "<group>";
		};
		C9761FB628BA2DB400BF9C31 /* Views */ = {
			isa = PBXGroup;
			children = (
				C963ADFA28D2F80A000647D1 /* Rooms */,
				C9761FF828BA32DD00BF9C31 /* Luna */,
				C9761FB728BA2DB400BF9C31 /* Root.swift */,
				C9761FB828BA2DB400BF9C31 /* TemplateComponents */,
				C9761FBD28BA2DB400BF9C31 /* DeviceControls */,
				C9761FCE28BA2DB400BF9C31 /* Overview */,
			);
			path = Views;
			sourceTree = "<group>";
		};
		C9761FB828BA2DB400BF9C31 /* TemplateComponents */ = {
			isa = PBXGroup;
			children = (
				C9761FB928BA2DB400BF9C31 /* SmallTemplate.swift */,
				C9761FBA28BA2DB400BF9C31 /* TemplateHelpers.swift */,
				C9761FBB28BA2DB400BF9C31 /* LargeTemplate.swift */,
				C9761FBC28BA2DB400BF9C31 /* MediumTemplate.swift */,
			);
			path = TemplateComponents;
			sourceTree = "<group>";
		};
		C9761FBD28BA2DB400BF9C31 /* DeviceControls */ = {
			isa = PBXGroup;
			children = (
				C9761FBE28BA2DB400BF9C31 /* DoorLockControl.swift */,
				C9761FBF28BA2DB400BF9C31 /* BlindControl.swift */,
				C9761FC028BA2DB400BF9C31 /* WasherControl.swift */,
				ABA5C0D828E9F23100F69283 /* WasherProgrammControl.swift */,
				C9761FC228BA2DB400BF9C31 /* MicrowaveControl.swift */,
				C9761FC328BA2DB400BF9C31 /* RobotControl.swift */,
				C9761FC428BA2DB400BF9C31 /* DryerControl.swift */,
				C9761FC528BA2DB400BF9C31 /* SensorControl.swift */,
				C9761FC628BA2DB400BF9C31 /* WeatherStationControl.swift */,
				C9761FC728BA2DB400BF9C31 /* DishwasherControl.swift */,
				C9761FC828BA2DB400BF9C31 /* DoorbellControl.swift */,
				C9761FC928BA2DB400BF9C31 /* MediaDeviceControl.swift */,
				C9761FCA28BA2DB400BF9C31 /* OvenControl.swift */,
				C9761FCB28BA2DB400BF9C31 /* CameraControl.swift */,
				C9761FCC28BA2DB400BF9C31 /* LightControl.swift */,
				C9761FCD28BA2DB400BF9C31 /* ThermostatControl.swift */,
				C963ADFF28D30044000647D1 /* LightHelpers.swift */,
			);
			path = DeviceControls;
			sourceTree = "<group>";
		};
		C9761FCE28BA2DB400BF9C31 /* Overview */ = {
			isa = PBXGroup;
			children = (
				C9761FCF28BA2DB400BF9C31 /* OverviewMain.swift */,
				C9761FD028BA2DB400BF9C31 /* LightShadeTile.swift */,
				C9761FD128BA2DB400BF9C31 /* NukiTile.swift */,
				C9761FD228BA2DB400BF9C31 /* WeatherTile.swift */,
				C963ADF828D06FF0000647D1 /* DoorbellTile.swift */,
				C9CDE53928E7242000A424A4 /* LunaTile.swift */,
				C9CDE53B28E738F000A424A4 /* OvenTile.swift */,
				C9CDE53D28E9ED8D00A424A4 /* FoodplanerTile.swift */,
				ABB687A728E74AFD00C7F2F6 /* DeviceTester.swift */,
				C91E0E2728F4102100F18481 /* Washer Tile.swift */,
			);
			path = Overview;
			sourceTree = "<group>";
		};
		C9761FD428BA2DB400BF9C31 /* Resources */ = {
			isa = PBXGroup;
			children = (
				C9CDE53F28EB143700A424A4 /* testStream.mp4 */,
				C976200128BA6F5800BF9C31 /* Home.json */,
				C9761FD528BA2DB400BF9C31 /* Home.swift */,
				C9761FD628BA2DB400BF9C31 /* DeviceTemplates.swift */,
			);
			path = Resources;
			sourceTree = "<group>";
		};
		C9761FF828BA32DD00BF9C31 /* Luna */ = {
			isa = PBXGroup;
			children = (
				C9761FF928BA32EB00BF9C31 /* LunaHelpers.swift */,
				C9761FFB28BA345100BF9C31 /* LunaMain.swift */,
				C9761FFD28BA5AC800BF9C31 /* LunaTips.swift */,
				C9761FFF28BA5ADF00BF9C31 /* LunaPredictions.swift */,
				C976202528CA2DF700BF9C31 /* LunaPrivacy.swift */,
				C91E0E2528F036D600F18481 /* LunaTipDetail.swift */,
			);
			path = Luna;
			sourceTree = "<group>";
		};
		C9AC929A28CB5A6E003588CF /* Animations */ = {
			isa = PBXGroup;
			children = (
				C9AC929D28CB5AB0003588CF /* Assets.xcassets */,
				C9AC929B28CB5AB0003588CF /* Rain.sks */,
				C9AC929C28CB5AB0003588CF /* Snow.sks */,
				C9AC92A128CB5CD5003588CF /* RainEffect.swift */,
			);
			path = Animations;
			sourceTree = "<group>";
		};
/* End PBXGroup section */

/* Begin PBXNativeTarget section */
		C9761F8528BA251200BF9C31 /* LunaHome */ = {
			isa = PBXNativeTarget;
			buildConfigurationList = C9761FAA28BA251300BF9C31 /* Build configuration list for PBXNativeTarget "LunaHome" */;
			buildPhases = (
				C9761F8228BA251200BF9C31 /* Sources */,
				C9761F8328BA251200BF9C31 /* Frameworks */,
				C9761F8428BA251200BF9C31 /* Resources */,
			);
			buildRules = (
			);
			dependencies = (
			);
			name = LunaHome;
			productName = LunaHome;
			productReference = C9761F8628BA251200BF9C31 /* LunaHome.app */;
			productType = "com.apple.product-type.application";
		};
		C9761F9528BA251300BF9C31 /* LunaHomeTests */ = {
			isa = PBXNativeTarget;
			buildConfigurationList = C9761FAD28BA251300BF9C31 /* Build configuration list for PBXNativeTarget "LunaHomeTests" */;
			buildPhases = (
				C9761F9228BA251300BF9C31 /* Sources */,
				C9761F9328BA251300BF9C31 /* Frameworks */,
				C9761F9428BA251300BF9C31 /* Resources */,
			);
			buildRules = (
			);
			dependencies = (
				C9761F9828BA251300BF9C31 /* PBXTargetDependency */,
			);
			name = LunaHomeTests;
			productName = LunaHomeTests;
			productReference = C9761F9628BA251300BF9C31 /* LunaHomeTests.xctest */;
			productType = "com.apple.product-type.bundle.unit-test";
		};
		C9761F9F28BA251300BF9C31 /* LunaHomeUITests */ = {
			isa = PBXNativeTarget;
			buildConfigurationList = C9761FB028BA251300BF9C31 /* Build configuration list for PBXNativeTarget "LunaHomeUITests" */;
			buildPhases = (
				C9761F9C28BA251300BF9C31 /* Sources */,
				C9761F9D28BA251300BF9C31 /* Frameworks */,
				C9761F9E28BA251300BF9C31 /* Resources */,
			);
			buildRules = (
			);
			dependencies = (
				C9761FA228BA251300BF9C31 /* PBXTargetDependency */,
			);
			name = LunaHomeUITests;
			productName = LunaHomeUITests;
			productReference = C9761FA028BA251300BF9C31 /* LunaHomeUITests.xctest */;
			productType = "com.apple.product-type.bundle.ui-testing";
		};
/* End PBXNativeTarget section */

/* Begin PBXProject section */
		C9761F7E28BA251200BF9C31 /* Project object */ = {
			isa = PBXProject;
			attributes = {
				BuildIndependentTargetsInParallel = 1;
				LastSwiftUpdateCheck = 1400;
				LastUpgradeCheck = 1400;
				TargetAttributes = {
					C9761F8528BA251200BF9C31 = {
						CreatedOnToolsVersion = 14.0;
					};
					C9761F9528BA251300BF9C31 = {
						CreatedOnToolsVersion = 14.0;
						TestTargetID = C9761F8528BA251200BF9C31;
					};
					C9761F9F28BA251300BF9C31 = {
						CreatedOnToolsVersion = 14.0;
						TestTargetID = C9761F8528BA251200BF9C31;
					};
				};
			};
			buildConfigurationList = C9761F8128BA251200BF9C31 /* Build configuration list for PBXProject "LunaHome" */;
			compatibilityVersion = "Xcode 14.0";
			developmentRegion = en;
			hasScannedForEncodings = 0;
			knownRegions = (
				en,
				Base,
			);
			mainGroup = C9761F7D28BA251200BF9C31;
			productRefGroup = C9761F8728BA251200BF9C31 /* Products */;
			projectDirPath = "";
			projectRoot = "";
			targets = (
				C9761F8528BA251200BF9C31 /* LunaHome */,
				C9761F9528BA251300BF9C31 /* LunaHomeTests */,
				C9761F9F28BA251300BF9C31 /* LunaHomeUITests */,
			);
		};
/* End PBXProject section */

/* Begin PBXResourcesBuildPhase section */
		C9761F8428BA251200BF9C31 /* Resources */ = {
			isa = PBXResourcesBuildPhase;
			buildActionMask = 2147483647;
			files = (
				C91E0E2428F0233900F18481 /* testStream.mp4 in Resources */,
				C9761F9128BA251300BF9C31 /* Preview Assets.xcassets in Resources */,
				C9AC929E28CB5AB0003588CF /* Rain.sks in Resources */,
				C9761F8E28BA251300BF9C31 /* Assets.xcassets in Resources */,
				C9AC929F28CB5AB0003588CF /* Snow.sks in Resources */,
				C9AC92A028CB5AB0003588CF /* Assets.xcassets in Resources */,
				C976200228BA6F5800BF9C31 /* Home.json in Resources */,
			);
			runOnlyForDeploymentPostprocessing = 0;
		};
		C9761F9428BA251300BF9C31 /* Resources */ = {
			isa = PBXResourcesBuildPhase;
			buildActionMask = 2147483647;
			files = (
			);
			runOnlyForDeploymentPostprocessing = 0;
		};
		C9761F9E28BA251300BF9C31 /* Resources */ = {
			isa = PBXResourcesBuildPhase;
			buildActionMask = 2147483647;
			files = (
			);
			runOnlyForDeploymentPostprocessing = 0;
		};
/* End PBXResourcesBuildPhase section */

/* Begin PBXSourcesBuildPhase section */
		C9761F8228BA251200BF9C31 /* Sources */ = {
			isa = PBXSourcesBuildPhase;
			buildActionMask = 2147483647;
			files = (
				C9761FEA28BA2DB400BF9C31 /* LightControl.swift in Sources */,
				C9761FE828BA2DB400BF9C31 /* OvenControl.swift in Sources */,
				C9761FE728BA2DB400BF9C31 /* MediaDeviceControl.swift in Sources */,
				C9761FED28BA2DB400BF9C31 /* LightShadeTile.swift in Sources */,
				C976200028BA5ADF00BF9C31 /* LunaPredictions.swift in Sources */,
				C9761FE528BA2DB400BF9C31 /* DishwasherControl.swift in Sources */,
				C9761FE028BA2DB400BF9C31 /* MicrowaveControl.swift in Sources */,
				C9761FD728BA2DB400BF9C31 /* Root.swift in Sources */,
				C9761FE428BA2DB400BF9C31 /* WeatherStationControl.swift in Sources */,
				C9761FF428BA2E4B00BF9C31 /* Fetcher.swift in Sources */,
				C9761FE228BA2DB400BF9C31 /* DryerControl.swift in Sources */,
				C9761F8A28BA251200BF9C31 /* LunaHomeApp.swift in Sources */,
				C91E0E2628F036D600F18481 /* LunaTipDetail.swift in Sources */,
				ABB687A828E74AFD00C7F2F6 /* DeviceTester.swift in Sources */,
				C976202628CA2DF700BF9C31 /* LunaPrivacy.swift in Sources */,
				C9761FDD28BA2DB400BF9C31 /* BlindControl.swift in Sources */,
				C9761FEF28BA2DB400BF9C31 /* WeatherTile.swift in Sources */,
				C9761FB528BA2D9800BF9C31 /* DevicePreviewer.swift in Sources */,
				C9761FFA28BA32EB00BF9C31 /* LunaHelpers.swift in Sources */,
				C9761FE628BA2DB400BF9C31 /* DoorbellControl.swift in Sources */,
				C9761FEB28BA2DB400BF9C31 /* ThermostatControl.swift in Sources */,
				C9761FEC28BA2DB400BF9C31 /* OverviewMain.swift in Sources */,
				C9761FF228BA2DB400BF9C31 /* DeviceTemplates.swift in Sources */,
				C9761FDE28BA2DB400BF9C31 /* WasherControl.swift in Sources */,
				C963ADFE28D2FA17000647D1 /* RoomHelpers.swift in Sources */,
				C9CDE53E28E9ED8D00A424A4 /* FoodplanerTile.swift in Sources */,
				C9CDE53A28E7242000A424A4 /* LunaTile.swift in Sources */,
				C9AC92A228CB5CD5003588CF /* RainEffect.swift in Sources */,
				C9761FE328BA2DB400BF9C31 /* SensorControl.swift in Sources */,
				C9761FE128BA2DB400BF9C31 /* RobotControl.swift in Sources */,
				C963AE0028D30044000647D1 /* LightHelpers.swift in Sources */,
				C9CDE53C28E738F000A424A4 /* OvenTile.swift in Sources */,
				C9761FF128BA2DB400BF9C31 /* Home.swift in Sources */,
				C963ADF928D06FF0000647D1 /* DoorbellTile.swift in Sources */,
				C91E0E2828F4102100F18481 /* Washer Tile.swift in Sources */,
				C9761FDB28BA2DB400BF9C31 /* MediumTemplate.swift in Sources */,
				C9761FD828BA2DB400BF9C31 /* SmallTemplate.swift in Sources */,
				C963ADFC28D2F9C3000647D1 /* RoomView.swift in Sources */,
				C9761FDA28BA2DB400BF9C31 /* LargeTemplate.swift in Sources */,
				C9761FD928BA2DB400BF9C31 /* TemplateHelpers.swift in Sources */,
				C9761FEE28BA2DB400BF9C31 /* NukiTile.swift in Sources */,
				C9761FE928BA2DB400BF9C31 /* CameraControl.swift in Sources */,
				C9761FFC28BA345100BF9C31 /* LunaMain.swift in Sources */,
				ABA5C0D928E9F23100F69283 /* WasherProgrammControl.swift in Sources */,
				C9761FFE28BA5AC800BF9C31 /* LunaTips.swift in Sources */,
				C9761FDC28BA2DB400BF9C31 /* DoorLockControl.swift in Sources */,
			);
			runOnlyForDeploymentPostprocessing = 0;
		};
		C9761F9228BA251300BF9C31 /* Sources */ = {
			isa = PBXSourcesBuildPhase;
			buildActionMask = 2147483647;
			files = (
				C9761F9B28BA251300BF9C31 /* LunaHomeTests.swift in Sources */,
			);
			runOnlyForDeploymentPostprocessing = 0;
		};
		C9761F9C28BA251300BF9C31 /* Sources */ = {
			isa = PBXSourcesBuildPhase;
			buildActionMask = 2147483647;
			files = (
				C9761FA728BA251300BF9C31 /* LunaHomeUITestsLaunchTests.swift in Sources */,
				C9761FA528BA251300BF9C31 /* LunaHomeUITests.swift in Sources */,
			);
			runOnlyForDeploymentPostprocessing = 0;
		};
/* End PBXSourcesBuildPhase section */

/* Begin PBXTargetDependency section */
		C9761F9828BA251300BF9C31 /* PBXTargetDependency */ = {
			isa = PBXTargetDependency;
			target = C9761F8528BA251200BF9C31 /* LunaHome */;
			targetProxy = C9761F9728BA251300BF9C31 /* PBXContainerItemProxy */;
		};
		C9761FA228BA251300BF9C31 /* PBXTargetDependency */ = {
			isa = PBXTargetDependency;
			target = C9761F8528BA251200BF9C31 /* LunaHome */;
			targetProxy = C9761FA128BA251300BF9C31 /* PBXContainerItemProxy */;
		};
/* End PBXTargetDependency section */

/* Begin XCBuildConfiguration section */
		C9761FA828BA251300BF9C31 /* Debug */ = {
			isa = XCBuildConfiguration;
			buildSettings = {
				ALWAYS_SEARCH_USER_PATHS = NO;
				CLANG_ANALYZER_NONNULL = YES;
				CLANG_ANALYZER_NUMBER_OBJECT_CONVERSION = YES_AGGRESSIVE;
				CLANG_CXX_LANGUAGE_STANDARD = "gnu++17";
				CLANG_ENABLE_MODULES = YES;
				CLANG_ENABLE_OBJC_ARC = YES;
				CLANG_ENABLE_OBJC_WEAK = YES;
				CLANG_WARN_BLOCK_CAPTURE_AUTORELEASING = YES;
				CLANG_WARN_BOOL_CONVERSION = YES;
				CLANG_WARN_COMMA = YES;
				CLANG_WARN_CONSTANT_CONVERSION = YES;
				CLANG_WARN_DEPRECATED_OBJC_IMPLEMENTATIONS = YES;
				CLANG_WARN_DIRECT_OBJC_ISA_USAGE = YES_ERROR;
				CLANG_WARN_DOCUMENTATION_COMMENTS = YES;
				CLANG_WARN_EMPTY_BODY = YES;
				CLANG_WARN_ENUM_CONVERSION = YES;
				CLANG_WARN_INFINITE_RECURSION = YES;
				CLANG_WARN_INT_CONVERSION = YES;
				CLANG_WARN_NON_LITERAL_NULL_CONVERSION = YES;
				CLANG_WARN_OBJC_IMPLICIT_RETAIN_SELF = YES;
				CLANG_WARN_OBJC_LITERAL_CONVERSION = YES;
				CLANG_WARN_OBJC_ROOT_CLASS = YES_ERROR;
				CLANG_WARN_QUOTED_INCLUDE_IN_FRAMEWORK_HEADER = YES;
				CLANG_WARN_RANGE_LOOP_ANALYSIS = YES;
				CLANG_WARN_STRICT_PROTOTYPES = YES;
				CLANG_WARN_SUSPICIOUS_MOVE = YES;
				CLANG_WARN_UNGUARDED_AVAILABILITY = YES_AGGRESSIVE;
				CLANG_WARN_UNREACHABLE_CODE = YES;
				CLANG_WARN__DUPLICATE_METHOD_MATCH = YES;
				COPY_PHASE_STRIP = NO;
				DEBUG_INFORMATION_FORMAT = dwarf;
				ENABLE_STRICT_OBJC_MSGSEND = YES;
				ENABLE_TESTABILITY = YES;
				GCC_C_LANGUAGE_STANDARD = gnu11;
				GCC_DYNAMIC_NO_PIC = NO;
				GCC_NO_COMMON_BLOCKS = YES;
				GCC_OPTIMIZATION_LEVEL = 0;
				GCC_PREPROCESSOR_DEFINITIONS = (
					"DEBUG=1",
					"$(inherited)",
				);
				GCC_WARN_64_TO_32_BIT_CONVERSION = YES;
				GCC_WARN_ABOUT_RETURN_TYPE = YES_ERROR;
				GCC_WARN_UNDECLARED_SELECTOR = YES;
				GCC_WARN_UNINITIALIZED_AUTOS = YES_AGGRESSIVE;
				GCC_WARN_UNUSED_FUNCTION = YES;
				GCC_WARN_UNUSED_VARIABLE = YES;
				IPHONEOS_DEPLOYMENT_TARGET = 16.0;
				MTL_ENABLE_DEBUG_INFO = INCLUDE_SOURCE;
				MTL_FAST_MATH = YES;
				ONLY_ACTIVE_ARCH = YES;
				SDKROOT = iphoneos;
				SWIFT_ACTIVE_COMPILATION_CONDITIONS = DEBUG;
				SWIFT_OPTIMIZATION_LEVEL = "-Onone";
			};
			name = Debug;
		};
		C9761FA928BA251300BF9C31 /* Release */ = {
			isa = XCBuildConfiguration;
			buildSettings = {
				ALWAYS_SEARCH_USER_PATHS = NO;
				CLANG_ANALYZER_NONNULL = YES;
				CLANG_ANALYZER_NUMBER_OBJECT_CONVERSION = YES_AGGRESSIVE;
				CLANG_CXX_LANGUAGE_STANDARD = "gnu++17";
				CLANG_ENABLE_MODULES = YES;
				CLANG_ENABLE_OBJC_ARC = YES;
				CLANG_ENABLE_OBJC_WEAK = YES;
				CLANG_WARN_BLOCK_CAPTURE_AUTORELEASING = YES;
				CLANG_WARN_BOOL_CONVERSION = YES;
				CLANG_WARN_COMMA = YES;
				CLANG_WARN_CONSTANT_CONVERSION = YES;
				CLANG_WARN_DEPRECATED_OBJC_IMPLEMENTATIONS = YES;
				CLANG_WARN_DIRECT_OBJC_ISA_USAGE = YES_ERROR;
				CLANG_WARN_DOCUMENTATION_COMMENTS = YES;
				CLANG_WARN_EMPTY_BODY = YES;
				CLANG_WARN_ENUM_CONVERSION = YES;
				CLANG_WARN_INFINITE_RECURSION = YES;
				CLANG_WARN_INT_CONVERSION = YES;
				CLANG_WARN_NON_LITERAL_NULL_CONVERSION = YES;
				CLANG_WARN_OBJC_IMPLICIT_RETAIN_SELF = YES;
				CLANG_WARN_OBJC_LITERAL_CONVERSION = YES;
				CLANG_WARN_OBJC_ROOT_CLASS = YES_ERROR;
				CLANG_WARN_QUOTED_INCLUDE_IN_FRAMEWORK_HEADER = YES;
				CLANG_WARN_RANGE_LOOP_ANALYSIS = YES;
				CLANG_WARN_STRICT_PROTOTYPES = YES;
				CLANG_WARN_SUSPICIOUS_MOVE = YES;
				CLANG_WARN_UNGUARDED_AVAILABILITY = YES_AGGRESSIVE;
				CLANG_WARN_UNREACHABLE_CODE = YES;
				CLANG_WARN__DUPLICATE_METHOD_MATCH = YES;
				COPY_PHASE_STRIP = NO;
				DEBUG_INFORMATION_FORMAT = "dwarf-with-dsym";
				ENABLE_NS_ASSERTIONS = NO;
				ENABLE_STRICT_OBJC_MSGSEND = YES;
				GCC_C_LANGUAGE_STANDARD = gnu11;
				GCC_NO_COMMON_BLOCKS = YES;
				GCC_WARN_64_TO_32_BIT_CONVERSION = YES;
				GCC_WARN_ABOUT_RETURN_TYPE = YES_ERROR;
				GCC_WARN_UNDECLARED_SELECTOR = YES;
				GCC_WARN_UNINITIALIZED_AUTOS = YES_AGGRESSIVE;
				GCC_WARN_UNUSED_FUNCTION = YES;
				GCC_WARN_UNUSED_VARIABLE = YES;
				IPHONEOS_DEPLOYMENT_TARGET = 16.0;
				MTL_ENABLE_DEBUG_INFO = NO;
				MTL_FAST_MATH = YES;
				SDKROOT = iphoneos;
				SWIFT_COMPILATION_MODE = wholemodule;
				SWIFT_OPTIMIZATION_LEVEL = "-O";
				VALIDATE_PRODUCT = YES;
			};
			name = Release;
		};
		C9761FAB28BA251300BF9C31 /* Debug */ = {
			isa = XCBuildConfiguration;
			buildSettings = {
				ASSETCATALOG_COMPILER_APPICON_NAME = AppIcon;
				ASSETCATALOG_COMPILER_GLOBAL_ACCENT_COLOR_NAME = AccentColor;
				CODE_SIGN_ENTITLEMENTS = LunaHome/LunaHome.entitlements;
				CODE_SIGN_STYLE = Automatic;
				CURRENT_PROJECT_VERSION = 1;
				DEVELOPMENT_ASSET_PATHS = "\"LunaHome/Preview Content\"";
				DEVELOPMENT_TEAM = YWD3GLUA8L;
				ENABLE_PREVIEWS = YES;
				GENERATE_INFOPLIST_FILE = YES;
				INFOPLIST_FILE = LunaHome/Info.plist;
				INFOPLIST_KEY_CFBundleDisplayName = "Luna Home";
				INFOPLIST_KEY_UIApplicationSceneManifest_Generation = YES;
				INFOPLIST_KEY_UIApplicationSupportsIndirectInputEvents = YES;
				INFOPLIST_KEY_UILaunchScreen_Generation = YES;
				INFOPLIST_KEY_UISupportedInterfaceOrientations = UIInterfaceOrientationPortrait;
				INFOPLIST_KEY_UISupportedInterfaceOrientations_iPad = "UIInterfaceOrientationLandscapeLeft UIInterfaceOrientationLandscapeRight UIInterfaceOrientationPortraitUpsideDown";
				LD_RUNPATH_SEARCH_PATHS = (
					"$(inherited)",
					"@executable_path/Frameworks",
				);
				MARKETING_VERSION = 1.0;
				PRODUCT_BUNDLE_IDENTIFIER = versadoSolutions.LunaHome;
				PRODUCT_NAME = "$(TARGET_NAME)";
				SUPPORTED_PLATFORMS = "iphoneos iphonesimulator";
				SUPPORTS_MACCATALYST = NO;
				SUPPORTS_MAC_DESIGNED_FOR_IPHONE_IPAD = NO;
				SWIFT_EMIT_LOC_STRINGS = YES;
				SWIFT_VERSION = 5.0;
				TARGETED_DEVICE_FAMILY = 1;
			};
			name = Debug;
		};
		C9761FAC28BA251300BF9C31 /* Release */ = {
			isa = XCBuildConfiguration;
			buildSettings = {
				ASSETCATALOG_COMPILER_APPICON_NAME = AppIcon;
				ASSETCATALOG_COMPILER_GLOBAL_ACCENT_COLOR_NAME = AccentColor;
				CODE_SIGN_ENTITLEMENTS = LunaHome/LunaHome.entitlements;
				CODE_SIGN_STYLE = Automatic;
				CURRENT_PROJECT_VERSION = 1;
				DEVELOPMENT_ASSET_PATHS = "\"LunaHome/Preview Content\"";
				DEVELOPMENT_TEAM = YWD3GLUA8L;
				ENABLE_PREVIEWS = YES;
				GENERATE_INFOPLIST_FILE = YES;
				INFOPLIST_FILE = LunaHome/Info.plist;
				INFOPLIST_KEY_CFBundleDisplayName = "Luna Home";
				INFOPLIST_KEY_UIApplicationSceneManifest_Generation = YES;
				INFOPLIST_KEY_UIApplicationSupportsIndirectInputEvents = YES;
				INFOPLIST_KEY_UILaunchScreen_Generation = YES;
				INFOPLIST_KEY_UISupportedInterfaceOrientations = UIInterfaceOrientationPortrait;
				INFOPLIST_KEY_UISupportedInterfaceOrientations_iPad = "UIInterfaceOrientationLandscapeLeft UIInterfaceOrientationLandscapeRight UIInterfaceOrientationPortraitUpsideDown";
				LD_RUNPATH_SEARCH_PATHS = (
					"$(inherited)",
					"@executable_path/Frameworks",
				);
				MARKETING_VERSION = 1.0;
				PRODUCT_BUNDLE_IDENTIFIER = versadoSolutions.LunaHome;
				PRODUCT_NAME = "$(TARGET_NAME)";
				SUPPORTED_PLATFORMS = "iphoneos iphonesimulator";
				SUPPORTS_MACCATALYST = NO;
				SUPPORTS_MAC_DESIGNED_FOR_IPHONE_IPAD = NO;
				SWIFT_EMIT_LOC_STRINGS = YES;
				SWIFT_VERSION = 5.0;
				TARGETED_DEVICE_FAMILY = 1;
			};
			name = Release;
		};
		C9761FAE28BA251300BF9C31 /* Debug */ = {
			isa = XCBuildConfiguration;
			buildSettings = {
				ALWAYS_EMBED_SWIFT_STANDARD_LIBRARIES = YES;
				BUNDLE_LOADER = "$(TEST_HOST)";
				CODE_SIGN_STYLE = Automatic;
				CURRENT_PROJECT_VERSION = 1;
				DEVELOPMENT_TEAM = YWD3GLUA8L;
				GENERATE_INFOPLIST_FILE = YES;
				IPHONEOS_DEPLOYMENT_TARGET = 16.0;
				MARKETING_VERSION = 1.0;
				PRODUCT_BUNDLE_IDENTIFIER = versadoSolutions.LunaHomeTests;
				PRODUCT_NAME = "$(TARGET_NAME)";
				SWIFT_EMIT_LOC_STRINGS = NO;
				SWIFT_VERSION = 5.0;
				TARGETED_DEVICE_FAMILY = "1,2";
				TEST_HOST = "$(BUILT_PRODUCTS_DIR)/LunaHome.app/$(BUNDLE_EXECUTABLE_FOLDER_PATH)/LunaHome";
			};
			name = Debug;
		};
		C9761FAF28BA251300BF9C31 /* Release */ = {
			isa = XCBuildConfiguration;
			buildSettings = {
				ALWAYS_EMBED_SWIFT_STANDARD_LIBRARIES = YES;
				BUNDLE_LOADER = "$(TEST_HOST)";
				CODE_SIGN_STYLE = Automatic;
				CURRENT_PROJECT_VERSION = 1;
				DEVELOPMENT_TEAM = YWD3GLUA8L;
				GENERATE_INFOPLIST_FILE = YES;
				IPHONEOS_DEPLOYMENT_TARGET = 16.0;
				MARKETING_VERSION = 1.0;
				PRODUCT_BUNDLE_IDENTIFIER = versadoSolutions.LunaHomeTests;
				PRODUCT_NAME = "$(TARGET_NAME)";
				SWIFT_EMIT_LOC_STRINGS = NO;
				SWIFT_VERSION = 5.0;
				TARGETED_DEVICE_FAMILY = "1,2";
				TEST_HOST = "$(BUILT_PRODUCTS_DIR)/LunaHome.app/$(BUNDLE_EXECUTABLE_FOLDER_PATH)/LunaHome";
			};
			name = Release;
		};
		C9761FB128BA251300BF9C31 /* Debug */ = {
			isa = XCBuildConfiguration;
			buildSettings = {
				ALWAYS_EMBED_SWIFT_STANDARD_LIBRARIES = YES;
				CODE_SIGN_STYLE = Automatic;
				CURRENT_PROJECT_VERSION = 1;
				DEVELOPMENT_TEAM = YWD3GLUA8L;
				GENERATE_INFOPLIST_FILE = YES;
				MARKETING_VERSION = 1.0;
				PRODUCT_BUNDLE_IDENTIFIER = versadoSolutions.LunaHomeUITests;
				PRODUCT_NAME = "$(TARGET_NAME)";
				SWIFT_EMIT_LOC_STRINGS = NO;
				SWIFT_VERSION = 5.0;
				TARGETED_DEVICE_FAMILY = "1,2";
				TEST_TARGET_NAME = LunaHome;
			};
			name = Debug;
		};
		C9761FB228BA251300BF9C31 /* Release */ = {
			isa = XCBuildConfiguration;
			buildSettings = {
				ALWAYS_EMBED_SWIFT_STANDARD_LIBRARIES = YES;
				CODE_SIGN_STYLE = Automatic;
				CURRENT_PROJECT_VERSION = 1;
				DEVELOPMENT_TEAM = YWD3GLUA8L;
				GENERATE_INFOPLIST_FILE = YES;
				MARKETING_VERSION = 1.0;
				PRODUCT_BUNDLE_IDENTIFIER = versadoSolutions.LunaHomeUITests;
				PRODUCT_NAME = "$(TARGET_NAME)";
				SWIFT_EMIT_LOC_STRINGS = NO;
				SWIFT_VERSION = 5.0;
				TARGETED_DEVICE_FAMILY = "1,2";
				TEST_TARGET_NAME = LunaHome;
			};
			name = Release;
		};
/* End XCBuildConfiguration section */

/* Begin XCConfigurationList section */
		C9761F8128BA251200BF9C31 /* Build configuration list for PBXProject "LunaHome" */ = {
			isa = XCConfigurationList;
			buildConfigurations = (
				C9761FA828BA251300BF9C31 /* Debug */,
				C9761FA928BA251300BF9C31 /* Release */,
			);
			defaultConfigurationIsVisible = 0;
			defaultConfigurationName = Release;
		};
		C9761FAA28BA251300BF9C31 /* Build configuration list for PBXNativeTarget "LunaHome" */ = {
			isa = XCConfigurationList;
			buildConfigurations = (
				C9761FAB28BA251300BF9C31 /* Debug */,
				C9761FAC28BA251300BF9C31 /* Release */,
			);
			defaultConfigurationIsVisible = 0;
			defaultConfigurationName = Release;
		};
		C9761FAD28BA251300BF9C31 /* Build configuration list for PBXNativeTarget "LunaHomeTests" */ = {
			isa = XCConfigurationList;
			buildConfigurations = (
				C9761FAE28BA251300BF9C31 /* Debug */,
				C9761FAF28BA251300BF9C31 /* Release */,
			);
			defaultConfigurationIsVisible = 0;
			defaultConfigurationName = Release;
		};
		C9761FB028BA251300BF9C31 /* Build configuration list for PBXNativeTarget "LunaHomeUITests" */ = {
			isa = XCConfigurationList;
			buildConfigurations = (
				C9761FB128BA251300BF9C31 /* Debug */,
				C9761FB228BA251300BF9C31 /* Release */,
			);
			defaultConfigurationIsVisible = 0;
			defaultConfigurationName = Release;
		};
/* End XCConfigurationList section */
	};
	rootObject = C9761F7E28BA251200BF9C31 /* Project object */;
}
